<?xml version="1.0" encoding="utf-8"?>
<Project ToolsVersion="4.0" xmlns="http://schemas.microsoft.com/developer/msbuild/2003">
  <ItemGroup>
    <Filter Include="Source Files">
      <UniqueIdentifier>{4FC737F1-C7A5-4376-A066-2A32D752A2FF}</UniqueIdentifier>
      <Extensions>cpp;c;cc;cxx;def;odl;idl;hpj;bat;asm;asmx</Extensions>
    </Filter>
    <Filter Include="Header Files">
      <UniqueIdentifier>{93995380-89BD-4b04-88EB-625FBE52EBFB}</UniqueIdentifier>
      <Extensions>h;hh;hpp;hxx;hm;inl;inc;xsd</Extensions>
    </Filter>
    <Filter Include="Resource Files">
      <UniqueIdentifier>{D9D6E242-F8AF-46E4-B9FD-80ECBC20BA3E}</UniqueIdentifier>
      <Extensions>qrc;*</Extensions>
      <ParseFiles>false</ParseFiles>
    </Filter>
    <Filter Include="Resource Files">
      <UniqueIdentifier>{D9D6E242-F8AF-46E4-B9FD-80ECBC20BA3E}</UniqueIdentifier>
      <Extensions>qrc;*</Extensions>
      <ParseFiles>false</ParseFiles>
    </Filter>
    <Filter Include="Generated Files">
      <UniqueIdentifier>{71ED8ED8-ACB9-4CE9-BBE1-E00B30144E11}</UniqueIdentifier>
      <Extensions>moc;h;cpp</Extensions>
      <SourceControlFiles>False</SourceControlFiles>
    </Filter>
    <Filter Include="Form Files">
      <UniqueIdentifier>{99349809-55BA-4b9d-BF79-8FDBB0286EB3}</UniqueIdentifier>
      <Extensions>ui</Extensions>
      <ParseFiles>true</ParseFiles>
    </Filter>
  </ItemGroup>
  <ItemGroup>
    <ClCompile Include="MainFrame\aboutDialog.cpp">
      <Filter>Source Files</Filter>
    </ClCompile>
    <ClCompile Include="MainFrame\main.cpp">
      <Filter>Source Files</Filter>
    </ClCompile>
    <ClCompile Include="MainFrame\mainTableWidget.cpp">
      <Filter>Source Files</Filter>
    </ClCompile>
    <ClCompile Include="MainFrame\mainWindow.cpp">
      <Filter>Source Files</Filter>
    </ClCompile>
    <ClCompile Include="kspacepara.cpp">
      <Filter>Source Files</Filter>
    </ClCompile>
    <ClCompile Include="myfileopen.cpp">
      <Filter>Source Files</Filter>
    </ClCompile>
    <ClCompile Include="myJobItem.cpp">
      <Filter>Source Files</Filter>
    </ClCompile>
    <ClCompile Include="myKspaceView.cpp">
      <Filter>Source Files</Filter>
    </ClCompile>
    <ClCompile Include="myRoitableview.cpp">
      <Filter>Source Files</Filter>
    </ClCompile>
    <ClCompile Include="mySECurve.cpp">
      <Filter>Source Files</Filter>
    </ClCompile>
    <ClCompile Include="physicpara.cpp">
      <Filter>Source Files</Filter>
    </ClCompile>
    <ClCompile Include="ViewerMain\myHistgram.cpp">
      <Filter>Source Files</Filter>
    </ClCompile>
    <ClCompile Include="ViewerMain\mySequenceView.cpp">
      <Filter>Source Files</Filter>
    </ClCompile>
    <ClCompile Include="ViewerMain\mytableview.cpp">
      <Filter>Source Files</Filter>
    </ClCompile>
    <ClCompile Include="ViewerMain\newAcquiretab.cpp">
      <Filter>Source Files</Filter>
    </ClCompile>
    <ClCompile Include="ViewerMain\newKspaceTab.cpp">
      <Filter>Source Files</Filter>
    </ClCompile>
    <ClCompile Include="ViewerMain\paraControl.cpp">
      <Filter>Source Files</Filter>
    </ClCompile>
    <ClCompile Include="ViewerMain\newPhysicsTab.cpp">
      <Filter>Source Files</Filter>
    </ClCompile>
    <ClCompile Include="other\qcustomplot.cpp">
      <Filter>Source Files</Filter>
    </ClCompile>
    <ClCompile Include="dataMode.cpp">
      <Filter>Source Files</Filter>
    </ClCompile>
    <ClCompile Include="ViewerMain\newViewertab.cpp">
      <Filter>Source Files</Filter>
    </ClCompile>
  </ItemGroup>
  <ItemGroup>
    <QtMoc Include="MainFrame\aboutDialog.h">
      <Filter>Header Files</Filter>
    </QtMoc>
    <QtMoc Include="MainFrame\mainTableWidget.h">
      <Filter>Header Files</Filter>
    </QtMoc>
    <QtMoc Include="MainFrame\mainWindow.h">
      <Filter>Header Files</Filter>
    </QtMoc>
    <QtMoc Include="kspacepara.h">
      <Filter>Header Files</Filter>
    </QtMoc>
    <QtMoc Include="myKspaceView.h">
      <Filter>Header Files</Filter>
    </QtMoc>
    <QtMoc Include="mySECurve.h">
      <Filter>Header Files</Filter>
    </QtMoc>
    <QtMoc Include="physicpara.h">
      <Filter>Header Files</Filter>
    </QtMoc>
    <QtMoc Include="ViewerMain\myHistgram.h">
      <Filter>Header Files</Filter>
    </QtMoc>
    <QtMoc Include="ViewerMain\mySequenceView.h">
      <Filter>Header Files</Filter>
    </QtMoc>
    <QtMoc Include="ViewerMain\newAcquiretab.h">
      <Filter>Header Files</Filter>
    </QtMoc>
    <QtMoc Include="ViewerMain\newKspaceTab.h">
      <Filter>Header Files</Filter>
    </QtMoc>
    <QtMoc Include="ViewerMain\paraControl.h">
      <Filter>Header Files</Filter>
    </QtMoc>
    <QtMoc Include="ViewerMain\newPhysicsTab.h">
      <Filter>Header Files</Filter>
    </QtMoc>
    <QtMoc Include="other\qcustomplot.h">
      <Filter>Header Files</Filter>
    </QtMoc>
    <QtMoc Include="ViewerMain\newViewertab.h">
      <Filter>Header Files</Filter>
    </QtMoc>
  </ItemGroup>
  <ItemGroup>
    <QtUic Include="MainFrame\aboutdialog.ui">
      <Filter>Form Files</Filter>
    </QtUic>
    <QtUic Include="kspacepara.ui">
      <Filter>Form Files</Filter>
    </QtUic>
    <QtUic Include="physicpara.ui">
      <Filter>Form Files</Filter>
    </QtUic>
    <QtUic Include="ViewerMain\mysequencediag.ui">
      <Filter>Form Files</Filter>
    </QtUic>
  </ItemGroup>
  <ItemGroup>
    <ClInclude Include="myfileopen.h">
      <Filter>Header Files</Filter>
    </ClInclude>
    <ClInclude Include="myJobItem.h">
      <Filter>Header Files</Filter>
    </ClInclude>
    <ClInclude Include="myRoitableview.h">
      <Filter>Header Files</Filter>
    </ClInclude>
    <ClInclude Include="ViewerMain\mytableview.h">
      <Filter>Header Files</Filter>
    </ClInclude>
    <ClInclude Include="dataMode.h">
      <Filter>Header Files</Filter>
    </ClInclude>
  </ItemGroup>
  <ItemGroup>
    <ResourceCompile Include="DicomTeaching.rc" />
  </ItemGroup>
  <ItemGroup>
    <QtRcc Include="DicomTeaching.qrc">
      <Filter>Resource Files</Filter>
    </QtRcc>
  </ItemGroup>
  <ItemGroup>
    <Image Include="Resources\dicom.ico">
      <Filter>Resource Files</Filter>
    </Image>
  </ItemGroup>
</Project>